
Microsoft Visual Studio Solution File, Format Version 12.00
# Visual Studio Version 17
VisualStudioVersion = 17.0.32014.148
MinimumVisualStudioVersion = 10.0.40219.1
Project("{FAE04EC0-301F-11D3-BF4B-00C04F79EFBC}") = "AndrewDemo.NetConf2023", "AndrewDemo.NetConf2023\AndrewDemo.NetConf2023.csproj", "{87BE94B3-288E-4BB9-9EA4-5F8976B7590B}"
EndProject
Project("{FAE04EC0-301F-11D3-BF4B-00C04F79EFBC}") = "AndrewDemo.NetConf2023.Core", "AndrewDemo.NetConf2023.Core\AndrewDemo.NetConf2023.Core.csproj", "{AEE59324-33C0-4831-AC9A-7AD34891FDD8}"
EndProject
Project("{2150E333-8FDC-42A3-9474-1A3956D46DE8}") = "Solution Items", "Solution Items", "{7E10DC43-2B90-4CA8-8F25-2A01032553DB}"
	ProjectSection(SolutionItems) = preProject
		.editorconfig = .editorconfig
	EndProjectSection
EndProject
Global
	GlobalSection(SolutionConfigurationPlatforms) = preSolution
		Debug|Any CPU = Debug|Any CPU
		Release|Any CPU = Release|Any CPU
	EndGlobalSection
	GlobalSection(ProjectConfigurationPlatforms) = postSolution
		{87BE94B3-288E-4BB9-9EA4-5F8976B7590B}.Debug|Any CPU.ActiveCfg = Debug|Any CPU
		{87BE94B3-288E-4BB9-9EA4-5F8976B7590B}.Debug|Any CPU.Build.0 = Debug|Any CPU
		{87BE94B3-288E-4BB9-9EA4-5F8976B7590B}.Release|Any CPU.ActiveCfg = Release|Any CPU
		{87BE94B3-288E-4BB9-9EA4-5F8976B7590B}.Release|Any CPU.Build.0 = Release|Any CPU
		{AEE59324-33C0-4831-AC9A-7AD34891FDD8}.Debug|Any CPU.ActiveCfg = Debug|Any CPU
		{AEE59324-33C0-4831-AC9A-7AD34891FDD8}.Debug|Any CPU.Build.0 = Debug|Any CPU
		{AEE59324-33C0-4831-AC9A-7AD34891FDD8}.Release|Any CPU.ActiveCfg = Release|Any CPU
		{AEE59324-33C0-4831-AC9A-7AD34891FDD8}.Release|Any CPU.Build.0 = Release|Any CPU
	EndGlobalSection
	GlobalSection(SolutionProperties) = preSolution
		HideSolutionNode = FALSE
	EndGlobalSection
	GlobalSection(ExtensibilityGlobals) = postSolution
		SolutionGuid = {62DAA8B4-E198-49AD-BDFA-FAA8222EB0D7}
	EndGlobalSection
EndGlobal
